
Microsoft Visual Studio Solution File, Format Version 12.00
# Visual Studio Version 17
VisualStudioVersion = 17.5.002.0
MinimumVisualStudioVersion = 10.0.40219.1
Project("{9A19103F-16F7-4668-BE54-9A1E7A4F7556}") = "API", "API.csproj", "{AB8FFD96-792F-4FF5-91B1-6A01F2C36033}"
EndProject
Global
	GlobalSection(SolutionConfigurationPlatforms) = preSolution
		Debug|Any CPU = Debug|Any CPU
		Release|Any CPU = Release|Any CPU
	EndGlobalSection
	GlobalSection(ProjectConfigurationPlatforms) = postSolution
		{AB8FFD96-792F-4FF5-91B1-6A01F2C36033}.Debug|Any CPU.ActiveCfg = Debug|Any CPU
		{AB8FFD96-792F-4FF5-91B1-6A01F2C36033}.Debug|Any CPU.Build.0 = Debug|Any CPU
		{AB8FFD96-792F-4FF5-91B1-6A01F2C36033}.Release|Any CPU.ActiveCfg = Release|Any CPU
		{AB8FFD96-792F-4FF5-91B1-6A01F2C36033}.Release|Any CPU.Build.0 = Release|Any CPU
	EndGlobalSection
	GlobalSection(SolutionProperties) = preSolution
		HideSolutionNode = FALSE
	EndGlobalSection
	GlobalSection(ExtensibilityGlobals) = postSolution
		SolutionGuid = {3F48C4E0-C924-45B8-A16E-E013B3FC5B50}
	EndGlobalSection
EndGlobal
